
Microsoft Visual Studio Solution File, Format Version 12.00
# Visual Studio Version 17
VisualStudioVersion = 17.11.35327.3
MinimumVisualStudioVersion = 10.0.40219.1
Project("{8BC9CEB8-8B4A-11D0-8D11-00A0C91BC942}") = "BCSRec", "BCSRec\BCSRec.vcxproj", "{851531C0-5BD9-4FAB-A4AF-B8CAC2072E3D}"
EndProject
Project("{8BC9CEB8-8B4A-11D0-8D11-00A0C91BC942}") = "CSCN71020A2Test1", "UnitTest1\UnitTest1.vcxproj", "{B7D7576E-A094-427F-8289-936151BEC4C4}"
EndProject
Project("{8BC9CEB8-8B4A-11D0-8D11-00A0C91BC942}") = "CSCN71020A2Test2", "CSCN71020A2Tests2\CSCN71020A2Tests2.vcxproj", "{CF0CF139-266B-4AB5-ACE4-8C11EB6E5204}"
EndProject
Project("{8BC9CEB8-8B4A-11D0-8D11-00A0C91BC942}") = "CSCN71020A2Test3", "CSCN71020A2Test3\CSCN71020A2Test3.vcxproj", "{F086116D-0141-44B0-A891-17D2C898629D}"
EndProject
Project("{8BC9CEB8-8B4A-11D0-8D11-00A0C91BC942}") = "CSCN71020A2Test4", "CSCN71020A2Test4\CSCN71020A2Test4.vcxproj", "{DAD7B823-F6F2-4DD1-9809-CB04B2ADC94B}"
EndProject
Global
	GlobalSection(SolutionConfigurationPlatforms) = preSolution
		Debug|x64 = Debug|x64
		Debug|x86 = Debug|x86
		Release|x64 = Release|x64
		Release|x86 = Release|x86
	EndGlobalSection
	GlobalSection(ProjectConfigurationPlatforms) = postSolution
		{851531C0-5BD9-4FAB-A4AF-B8CAC2072E3D}.Debug|x64.ActiveCfg = Debug|x64
		{851531C0-5BD9-4FAB-A4AF-B8CAC2072E3D}.Debug|x64.Build.0 = Debug|x64
		{851531C0-5BD9-4FAB-A4AF-B8CAC2072E3D}.Debug|x86.ActiveCfg = Debug|Win32
		{851531C0-5BD9-4FAB-A4AF-B8CAC2072E3D}.Debug|x86.Build.0 = Debug|Win32
		{851531C0-5BD9-4FAB-A4AF-B8CAC2072E3D}.Release|x64.ActiveCfg = Release|x64
		{851531C0-5BD9-4FAB-A4AF-B8CAC2072E3D}.Release|x64.Build.0 = Release|x64
		{851531C0-5BD9-4FAB-A4AF-B8CAC2072E3D}.Release|x86.ActiveCfg = Release|Win32
		{851531C0-5BD9-4FAB-A4AF-B8CAC2072E3D}.Release|x86.Build.0 = Release|Win32
		{B7D7576E-A094-427F-8289-936151BEC4C4}.Debug|x64.ActiveCfg = Debug|x64
		{B7D7576E-A094-427F-8289-936151BEC4C4}.Debug|x64.Build.0 = Debug|x64
		{B7D7576E-A094-427F-8289-936151BEC4C4}.Debug|x86.ActiveCfg = Debug|Win32
		{B7D7576E-A094-427F-8289-936151BEC4C4}.Debug|x86.Build.0 = Debug|Win32
		{B7D7576E-A094-427F-8289-936151BEC4C4}.Release|x64.ActiveCfg = Release|x64
		{B7D7576E-A094-427F-8289-936151BEC4C4}.Release|x64.Build.0 = Release|x64
		{B7D7576E-A094-427F-8289-936151BEC4C4}.Release|x86.ActiveCfg = Release|Win32
		{B7D7576E-A094-427F-8289-936151BEC4C4}.Release|x86.Build.0 = Release|Win32
		{CF0CF139-266B-4AB5-ACE4-8C11EB6E5204}.Debug|x64.ActiveCfg = Debug|x64
		{CF0CF139-266B-4AB5-ACE4-8C11EB6E5204}.Debug|x64.Build.0 = Debug|x64
		{CF0CF139-266B-4AB5-ACE4-8C11EB6E5204}.Debug|x86.ActiveCfg = Debug|Win32
		{CF0CF139-266B-4AB5-ACE4-8C11EB6E5204}.Debug|x86.Build.0 = Debug|Win32
		{CF0CF139-266B-4AB5-ACE4-8C11EB6E5204}.Release|x64.ActiveCfg = Release|x64
		{CF0CF139-266B-4AB5-ACE4-8C11EB6E5204}.Release|x64.Build.0 = Release|x64
		{CF0CF139-266B-4AB5-ACE4-8C11EB6E5204}.Release|x86.ActiveCfg = Release|Win32
		{CF0CF139-266B-4AB5-ACE4-8C11EB6E5204}.Release|x86.Build.0 = Release|Win32
		{F086116D-0141-44B0-A891-17D2C898629D}.Debug|x64.ActiveCfg = Debug|x64
		{F086116D-0141-44B0-A891-17D2C898629D}.Debug|x64.Build.0 = Debug|x64
		{F086116D-0141-44B0-A891-17D2C898629D}.Debug|x86.ActiveCfg = Debug|Win32
		{F086116D-0141-44B0-A891-17D2C898629D}.Debug|x86.Build.0 = Debug|Win32
		{F086116D-0141-44B0-A891-17D2C898629D}.Release|x64.ActiveCfg = Release|x64
		{F086116D-0141-44B0-A891-17D2C898629D}.Release|x64.Build.0 = Release|x64
		{F086116D-0141-44B0-A891-17D2C898629D}.Release|x86.ActiveCfg = Release|Win32
		{F086116D-0141-44B0-A891-17D2C898629D}.Release|x86.Build.0 = Release|Win32
		{DAD7B823-F6F2-4DD1-9809-CB04B2ADC94B}.Debug|x64.ActiveCfg = Debug|x64
		{DAD7B823-F6F2-4DD1-9809-CB04B2ADC94B}.Debug|x64.Build.0 = Debug|x64
		{DAD7B823-F6F2-4DD1-9809-CB04B2ADC94B}.Debug|x86.ActiveCfg = Debug|Win32
		{DAD7B823-F6F2-4DD1-9809-CB04B2ADC94B}.Debug|x86.Build.0 = Debug|Win32
		{DAD7B823-F6F2-4DD1-9809-CB04B2ADC94B}.Release|x64.ActiveCfg = Release|x64
		{DAD7B823-F6F2-4DD1-9809-CB04B2ADC94B}.Release|x64.Build.0 = Release|x64
		{DAD7B823-F6F2-4DD1-9809-CB04B2ADC94B}.Release|x86.ActiveCfg = Release|Win32
		{DAD7B823-F6F2-4DD1-9809-CB04B2ADC94B}.Release|x86.Build.0 = Release|Win32
	EndGlobalSection
	GlobalSection(SolutionProperties) = preSolution
		HideSolutionNode = FALSE
	EndGlobalSection
	GlobalSection(ExtensibilityGlobals) = postSolution
		SolutionGuid = {2798818A-A195-4D6A-8DA3-1481FE701B22}
	EndGlobalSection
EndGlobal
